
Microsoft Visual Studio Solution File, Format Version 12.00
# Visual Studio Version 17
VisualStudioVersion = 17.8.34316.72
MinimumVisualStudioVersion = 10.0.40219.1
Project("{FAE04EC0-301F-11D3-BF4B-00C04F79EFBC}") = "ClassesExercise", "ClassesExercise.csproj", "{BD2C3BB1-8A81-4F37-A2C4-02F84FA52AFE}"
EndProject
Global
	GlobalSection(SolutionConfigurationPlatforms) = preSolution
		Debug|Any CPU = Debug|Any CPU
		Release|Any CPU = Release|Any CPU
	EndGlobalSection
	GlobalSection(ProjectConfigurationPlatforms) = postSolution
		{BD2C3BB1-8A81-4F37-A2C4-02F84FA52AFE}.Debug|Any CPU.ActiveCfg = Debug|Any CPU
		{BD2C3BB1-8A81-4F37-A2C4-02F84FA52AFE}.Debug|Any CPU.Build.0 = Debug|Any CPU
		{BD2C3BB1-8A81-4F37-A2C4-02F84FA52AFE}.Release|Any CPU.ActiveCfg = Release|Any CPU
		{BD2C3BB1-8A81-4F37-A2C4-02F84FA52AFE}.Release|Any CPU.Build.0 = Release|Any CPU
	EndGlobalSection
	GlobalSection(SolutionProperties) = preSolution
		HideSolutionNode = FALSE
	EndGlobalSection
	GlobalSection(ExtensibilityGlobals) = postSolution
		SolutionGuid = {7000B259-F0E9-4C02-83CB-56700BAEF06D}
	EndGlobalSection
EndGlobal
